
Microsoft Visual Studio Solution File, Format Version 12.00
# Visual Studio Version 17
VisualStudioVersion = 17.4.33103.184
MinimumVisualStudioVersion = 10.0.40219.1
Project("{FAE04EC0-301F-11D3-BF4B-00C04F79EFBC}") = "GuessThePlayer", "GuessThePlayer\GuessThePlayer.csproj", "{500995C4-A98F-48CB-B51F-0773EE1DA08E}"
EndProject
Global
	GlobalSection(SolutionConfigurationPlatforms) = preSolution
		Debug|Any CPU = Debug|Any CPU
		Release|Any CPU = Release|Any CPU
	EndGlobalSection
	GlobalSection(ProjectConfigurationPlatforms) = postSolution
		{500995C4-A98F-48CB-B51F-0773EE1DA08E}.Debug|Any CPU.ActiveCfg = Debug|Any CPU
		{500995C4-A98F-48CB-B51F-0773EE1DA08E}.Debug|Any CPU.Build.0 = Debug|Any CPU
		{500995C4-A98F-48CB-B51F-0773EE1DA08E}.Release|Any CPU.ActiveCfg = Release|Any CPU
		{500995C4-A98F-48CB-B51F-0773EE1DA08E}.Release|Any CPU.Build.0 = Release|Any CPU
	EndGlobalSection
	GlobalSection(SolutionProperties) = preSolution
		HideSolutionNode = FALSE
	EndGlobalSection
	GlobalSection(ExtensibilityGlobals) = postSolution
		SolutionGuid = {48388F77-7260-4364-8E97-D244469BF73A}
	EndGlobalSection
EndGlobal
